
Microsoft Visual Studio Solution File, Format Version 12.00
# Visual Studio 15
VisualStudioVersion = 15.0.26730.16
MinimumVisualStudioVersion = 10.0.40219.1
Project("{9A19103F-16F7-4668-BE54-9A1E7A4F7556}") = "Domain", "Domain\Domain.csproj", "{AE9A6EBF-AE04-446F-B6D6-C3B3AB53A009}"
EndProject
Project("{9A19103F-16F7-4668-BE54-9A1E7A4F7556}") = "Data", "Data\Data.csproj", "{8B00CAC6-7428-4686-9831-BF22AD364B94}"
EndProject
Project("{9A19103F-16F7-4668-BE54-9A1E7A4F7556}") = "LinaWEB", "LInaWEB\LinaWEB.csproj", "{48FC97D2-B420-4EBD-8C9A-DB37E94A197F}"
EndProject
Global
	GlobalSection(SolutionConfigurationPlatforms) = preSolution
		Debug|Any CPU = Debug|Any CPU
		Release|Any CPU = Release|Any CPU
	EndGlobalSection
	GlobalSection(ProjectConfigurationPlatforms) = postSolution
		{AE9A6EBF-AE04-446F-B6D6-C3B3AB53A009}.Debug|Any CPU.ActiveCfg = Debug|Any CPU
		{AE9A6EBF-AE04-446F-B6D6-C3B3AB53A009}.Debug|Any CPU.Build.0 = Debug|Any CPU
		{AE9A6EBF-AE04-446F-B6D6-C3B3AB53A009}.Release|Any CPU.ActiveCfg = Release|Any CPU
		{AE9A6EBF-AE04-446F-B6D6-C3B3AB53A009}.Release|Any CPU.Build.0 = Release|Any CPU
		{8B00CAC6-7428-4686-9831-BF22AD364B94}.Debug|Any CPU.ActiveCfg = Debug|Any CPU
		{8B00CAC6-7428-4686-9831-BF22AD364B94}.Debug|Any CPU.Build.0 = Debug|Any CPU
		{8B00CAC6-7428-4686-9831-BF22AD364B94}.Release|Any CPU.ActiveCfg = Release|Any CPU
		{8B00CAC6-7428-4686-9831-BF22AD364B94}.Release|Any CPU.Build.0 = Release|Any CPU
		{48FC97D2-B420-4EBD-8C9A-DB37E94A197F}.Debug|Any CPU.ActiveCfg = Debug|Any CPU
		{48FC97D2-B420-4EBD-8C9A-DB37E94A197F}.Debug|Any CPU.Build.0 = Debug|Any CPU
		{48FC97D2-B420-4EBD-8C9A-DB37E94A197F}.Release|Any CPU.ActiveCfg = Release|Any CPU
		{48FC97D2-B420-4EBD-8C9A-DB37E94A197F}.Release|Any CPU.Build.0 = Release|Any CPU
	EndGlobalSection
	GlobalSection(SolutionProperties) = preSolution
		HideSolutionNode = FALSE
	EndGlobalSection
	GlobalSection(ExtensibilityGlobals) = postSolution
		SolutionGuid = {36120163-E982-4550-9787-19662B3B88CB}
	EndGlobalSection
EndGlobal
